
Microsoft Visual Studio Solution File, Format Version 12.00
# Visual Studio Version 16
VisualStudioVersion = 16.0.30621.155
MinimumVisualStudioVersion = 10.0.40219.1
Project("{9A19103F-16F7-4668-BE54-9A1E7A4F7556}") = "HotDrinksMachine", "HotDrinksMachine.csproj", "{724B0909-943F-4DDC-969F-9E4F6AD7102E}"
EndProject
Project("{FAE04EC0-301F-11D3-BF4B-00C04F79EFBC}") = "HotDrinksMachine.Tests", "..\HotDrinksMachine.Tests\HotDrinksMachine.Tests.csproj", "{923CAF6E-651E-4910-88EC-8254DF7EA319}"
EndProject
Project("{2150E333-8FDC-42A3-9474-1A3956D46DE8}") = "Configuration", "Configuration", "{5E7D323A-0905-445F-B442-12D98CEAFB49}"
	ProjectSection(SolutionItems) = preProject
		..\.gitignore = ..\.gitignore
		..\README.md = ..\README.md
	EndProjectSection
EndProject
Global
	GlobalSection(SolutionConfigurationPlatforms) = preSolution
		Debug|Any CPU = Debug|Any CPU
		Release|Any CPU = Release|Any CPU
	EndGlobalSection
	GlobalSection(ProjectConfigurationPlatforms) = postSolution
		{724B0909-943F-4DDC-969F-9E4F6AD7102E}.Debug|Any CPU.ActiveCfg = Debug|Any CPU
		{724B0909-943F-4DDC-969F-9E4F6AD7102E}.Debug|Any CPU.Build.0 = Debug|Any CPU
		{724B0909-943F-4DDC-969F-9E4F6AD7102E}.Release|Any CPU.ActiveCfg = Release|Any CPU
		{724B0909-943F-4DDC-969F-9E4F6AD7102E}.Release|Any CPU.Build.0 = Release|Any CPU
		{923CAF6E-651E-4910-88EC-8254DF7EA319}.Debug|Any CPU.ActiveCfg = Debug|Any CPU
		{923CAF6E-651E-4910-88EC-8254DF7EA319}.Debug|Any CPU.Build.0 = Debug|Any CPU
		{923CAF6E-651E-4910-88EC-8254DF7EA319}.Release|Any CPU.ActiveCfg = Release|Any CPU
		{923CAF6E-651E-4910-88EC-8254DF7EA319}.Release|Any CPU.Build.0 = Release|Any CPU
	EndGlobalSection
	GlobalSection(SolutionProperties) = preSolution
		HideSolutionNode = FALSE
	EndGlobalSection
	GlobalSection(ExtensibilityGlobals) = postSolution
		SolutionGuid = {BEF83C43-9813-4ED2-ABDC-889D7B5617A8}
	EndGlobalSection
EndGlobal
